// !$*UTF8*$!
{
	archiveVersion = 1;
	classes = {
	};
	objectVersion = 46;
	objects = {

/* Begin PBXBuildFile section */
		5B8D12A81E3A116200BC5B7A /* AppDelegate.swift in Sources */ = {isa = PBXBuildFile; fileRef = 5B8D12A71E3A116200BC5B7A /* AppDelegate.swift */; };
		5B8D12AA1E3A116200BC5B7A /* ViewController.swift in Sources */ = {isa = PBXBuildFile; fileRef = 5B8D12A91E3A116200BC5B7A /* ViewController.swift */; };
		5B8D12AD1E3A116200BC5B7A /* Main.storyboard in Resources */ = {isa = PBXBuildFile; fileRef = 5B8D12AB1E3A116200BC5B7A /* Main.storyboard */; };
		5B8D12AF1E3A116200BC5B7A /* Assets.xcassets in Resources */ = {isa = PBXBuildFile; fileRef = 5B8D12AE1E3A116200BC5B7A /* Assets.xcassets */; };
		5B8D12B21E3A116200BC5B7A /* LaunchScreen.storyboard in Resources */ = {isa = PBXBuildFile; fileRef = 5B8D12B01E3A116200BC5B7A /* LaunchScreen.storyboard */; };
		5B8D12BD1E3A116200BC5B7A /* MiraclePillsTests.swift in Sources */ = {isa = PBXBuildFile; fileRef = 5B8D12BC1E3A116200BC5B7A /* MiraclePillsTests.swift */; };
		5B8D12C81E3A116200BC5B7A /* MiraclePillsUITests.swift in Sources */ = {isa = PBXBuildFile; fileRef = 5B8D12C71E3A116200BC5B7A /* MiraclePillsUITests.swift */; };
/* End PBXBuildFile section */

/* Begin PBXContainerItemProxy section */
		5B8D12B91E3A116200BC5B7A /* PBXContainerItemProxy */ = {
			isa = PBXContainerItemProxy;
			containerPortal = 5B8D129C1E3A116100BC5B7A /* Project object */;
			proxyType = 1;
			remoteGlobalIDString = 5B8D12A31E3A116100BC5B7A;
			remoteInfo = MiraclePills;
		};
		5B8D12C41E3A116200BC5B7A /* PBXContainerItemProxy */ = {
			isa = PBXContainerItemProxy;
			containerPortal = 5B8D129C1E3A116100BC5B7A /* Project object */;
			proxyType = 1;
			remoteGlobalIDString = 5B8D12A31E3A116100BC5B7A;
			remoteInfo = MiraclePills;
		};
/* End PBXContainerItemProxy section */

/* Begin PBXFileReference section */
		5B8D12A41E3A116200BC5B7A /* MiraclePills.app */ = {isa = PBXFileReference; explicitFileType = wrapper.application; includeInIndex = 0; path = MiraclePills.app; sourceTree = BUILT_PRODUCTS_DIR; };
		5B8D12A71E3A116200BC5B7A /* AppDelegate.swift */ = {isa = PBXFileReference; lastKnownFileType = sourcecode.swift; path = AppDelegate.swift; sourceTree = "<group>"; };
		5B8D12A91E3A116200BC5B7A /* ViewController.swift */ = {isa = PBXFileReference; lastKnownFileType = sourcecode.swift; path = ViewController.swift; sourceTree = "<group>"; };
		5B8D12AC1E3A116200BC5B7A /* Base */ = {isa = PBXFileReference; lastKnownFileType = file.storyboard; name = Base; path = Base.lproj/Main.storyboard; sourceTree = "<group>"; };
		5B8D12AE1E3A116200BC5B7A /* Assets.xcassets */ = {isa = PBXFileReference; lastKnownFileType = folder.assetcatalog; path = Assets.xcassets; sourceTree = "<group>"; };
		5B8D12B11E3A116200BC5B7A /* Base */ = {isa = PBXFileReference; lastKnownFileType = file.storyboard; name = Base; path = Base.lproj/LaunchScreen.storyboard; sourceTree = "<group>"; };
		5B8D12B31E3A116200BC5B7A /* Info.plist */ = {isa = PBXFileReference; lastKnownFileType = text.plist.xml; path = Info.plist; sourceTree = "<group>"; };
		5B8D12B81E3A116200BC5B7A /* MiraclePillsTests.xctest */ = {isa = PBXFileReference; explicitFileType = wrapper.cfbundle; includeInIndex = 0; path = MiraclePillsTests.xctest; sourceTree = BUILT_PRODUCTS_DIR; };
		5B8D12BC1E3A116200BC5B7A /* MiraclePillsTests.swift */ = {isa = PBXFileReference; lastKnownFileType = sourcecode.swift; path = MiraclePillsTests.swift; sourceTree = "<group>"; };
		5B8D12BE1E3A116200BC5B7A /* Info.plist */ = {isa = PBXFileReference; lastKnownFileType = text.plist.xml; path = Info.plist; sourceTree = "<group>"; };
		5B8D12C31E3A116200BC5B7A /* MiraclePillsUITests.xctest */ = {isa = PBXFileReference; explicitFileType = wrapper.cfbundle; includeInIndex = 0; path = MiraclePillsUITests.xctest; sourceTree = BUILT_PRODUCTS_DIR; };
		5B8D12C71E3A116200BC5B7A /* MiraclePillsUITests.swift */ = {isa = PBXFileReference; lastKnownFileType = sourcecode.swift; path = MiraclePillsUITests.swift; sourceTree = "<group>"; };
		5B8D12C91E3A116200BC5B7A /* Info.plist */ = {isa = PBXFileReference; lastKnownFileType = text.plist.xml; path = Info.plist; sourceTree = "<group>"; };
/* End PBXFileReference section */

/* Begin PBXFrameworksBuildPhase section */
		5B8D12A11E3A116100BC5B7A /* Frameworks */ = {
			isa = PBXFrameworksBuildPhase;
			buildActionMask = 2147483647;
			files = (
			);
			runOnlyForDeploymentPostprocessing = 0;
		};
		5B8D12B51E3A116200BC5B7A /* Frameworks */ = {
			isa = PBXFrameworksBuildPhase;
			buildActionMask = 2147483647;
			files = (
			);
			runOnlyForDeploymentPostprocessing = 0;
		};
		5B8D12C01E3A116200BC5B7A /* Frameworks */ = {
			isa = PBXFrameworksBuildPhase;
			buildActionMask = 2147483647;
			files = (
			);
			runOnlyForDeploymentPostprocessing = 0;
		};
/* End PBXFrameworksBuildPhase section */

/* Begin PBXGroup section */
		5B8D129B1E3A116100BC5B7A = {
			isa = PBXGroup;
			children = (
				5B8D12A61E3A116200BC5B7A /* MiraclePills */,
				5B8D12BB1E3A116200BC5B7A /* MiraclePillsTests */,
				5B8D12C61E3A116200BC5B7A /* MiraclePillsUITests */,
				5B8D12A51E3A116200BC5B7A /* Products */,
			);
			sourceTree = "<group>";
		};
		5B8D12A51E3A116200BC5B7A /* Products */ = {
			isa = PBXGroup;
			children = (
				5B8D12A41E3A116200BC5B7A /* MiraclePills.app */,
				5B8D12B81E3A116200BC5B7A /* MiraclePillsTests.xctest */,
				5B8D12C31E3A116200BC5B7A /* MiraclePillsUITests.xctest */,
			);
			name = Products;
			sourceTree = "<group>";
		};
		5B8D12A61E3A116200BC5B7A /* MiraclePills */ = {
			isa = PBXGroup;
			children = (
				5B8D12A71E3A116200BC5B7A /* AppDelegate.swift */,
				5B8D12A91E3A116200BC5B7A /* ViewController.swift */,
				5B8D12AB1E3A116200BC5B7A /* Main.storyboard */,
				5B8D12AE1E3A116200BC5B7A /* Assets.xcassets */,
				5B8D12B01E3A116200BC5B7A /* LaunchScreen.storyboard */,
				5B8D12B31E3A116200BC5B7A /* Info.plist */,
			);
			path = MiraclePills;
			sourceTree = "<group>";
		};
		5B8D12BB1E3A116200BC5B7A /* MiraclePillsTests */ = {
			isa = PBXGroup;
			children = (
				5B8D12BC1E3A116200BC5B7A /* MiraclePillsTests.swift */,
				5B8D12BE1E3A116200BC5B7A /* Info.plist */,
			);
			path = MiraclePillsTests;
			sourceTree = "<group>";
		};
		5B8D12C61E3A116200BC5B7A /* MiraclePillsUITests */ = {
			isa = PBXGroup;
			children = (
				5B8D12C71E3A116200BC5B7A /* MiraclePillsUITests.swift */,
				5B8D12C91E3A116200BC5B7A /* Info.plist */,
			);
			path = MiraclePillsUITests;
			sourceTree = "<group>";
		};
/* End PBXGroup section */

/* Begin PBXNativeTarget section */
		5B8D12A31E3A116100BC5B7A /* MiraclePills */ = {
			isa = PBXNativeTarget;
			buildConfigurationList = 5B8D12CC1E3A116200BC5B7A /* Build configuration list for PBXNativeTarget "MiraclePills" */;
			buildPhases = (
				5B8D12A01E3A116100BC5B7A /* Sources */,
				5B8D12A11E3A116100BC5B7A /* Frameworks */,
				5B8D12A21E3A116100BC5B7A /* Resources */,
			);
			buildRules = (
			);
			dependencies = (
			);
			name = MiraclePills;
			productName = MiraclePills;
			productReference = 5B8D12A41E3A116200BC5B7A /* MiraclePills.app */;
			productType = "com.apple.product-type.application";
		};
		5B8D12B71E3A116200BC5B7A /* MiraclePillsTests */ = {
			isa = PBXNativeTarget;
			buildConfigurationList = 5B8D12CF1E3A116200BC5B7A /* Build configuration list for PBXNativeTarget "MiraclePillsTests" */;
			buildPhases = (
				5B8D12B41E3A116200BC5B7A /* Sources */,
				5B8D12B51E3A116200BC5B7A /* Frameworks */,
				5B8D12B61E3A116200BC5B7A /* Resources */,
			);
			buildRules = (
			);
			dependencies = (
				5B8D12BA1E3A116200BC5B7A /* PBXTargetDependency */,
			);
			name = MiraclePillsTests;
			productName = MiraclePillsTests;
			productReference = 5B8D12B81E3A116200BC5B7A /* MiraclePillsTests.xctest */;
			productType = "com.apple.product-type.bundle.unit-test";
		};
		5B8D12C21E3A116200BC5B7A /* MiraclePillsUITests */ = {
			isa = PBXNativeTarget;
			buildConfigurationList = 5B8D12D21E3A116200BC5B7A /* Build configuration list for PBXNativeTarget "MiraclePillsUITests" */;
			buildPhases = (
				5B8D12BF1E3A116200BC5B7A /* Sources */,
				5B8D12C01E3A116200BC5B7A /* Frameworks */,
				5B8D12C11E3A116200BC5B7A /* Resources */,
			);
			buildRules = (
			);
			dependencies = (
				5B8D12C51E3A116200BC5B7A /* PBXTargetDependency */,
			);
			name = MiraclePillsUITests;
			productName = MiraclePillsUITests;
			productReference = 5B8D12C31E3A116200BC5B7A /* MiraclePillsUITests.xctest */;
			productType = "com.apple.product-type.bundle.ui-testing";
		};
/* End PBXNativeTarget section */

/* Begin PBXProject section */
		5B8D129C1E3A116100BC5B7A /* Project object */ = {
			isa = PBXProject;
			attributes = {
				LastSwiftUpdateCheck = 0820;
				LastUpgradeCheck = 0820;
				ORGANIZATIONNAME = "Utkarsh Rastogi";
				TargetAttributes = {
					5B8D12A31E3A116100BC5B7A = {
						CreatedOnToolsVersion = 8.2.1;
						DevelopmentTeam = LJ58D2944P;
						ProvisioningStyle = Automatic;
					};
					5B8D12B71E3A116200BC5B7A = {
						CreatedOnToolsVersion = 8.2.1;
						DevelopmentTeam = LJ58D2944P;
						ProvisioningStyle = Automatic;
						TestTargetID = 5B8D12A31E3A116100BC5B7A;
					};
					5B8D12C21E3A116200BC5B7A = {
						CreatedOnToolsVersion = 8.2.1;
						DevelopmentTeam = LJ58D2944P;
						ProvisioningStyle = Automatic;
						TestTargetID = 5B8D12A31E3A116100BC5B7A;
					};
				};
			};
			buildConfigurationList = 5B8D129F1E3A116100BC5B7A /* Build configuration list for PBXProject "MiraclePills" */;
			compatibilityVersion = "Xcode 3.2";
			developmentRegion = English;
			hasScannedForEncodings = 0;
			knownRegions = (
				en,
				Base,
			);
			mainGroup = 5B8D129B1E3A116100BC5B7A;
			productRefGroup = 5B8D12A51E3A116200BC5B7A /* Products */;
			projectDirPath = "";
			projectRoot = "";
			targets = (
				5B8D12A31E3A116100BC5B7A /* MiraclePills */,
				5B8D12B71E3A116200BC5B7A /* MiraclePillsTests */,
				5B8D12C21E3A116200BC5B7A /* MiraclePillsUITests */,
			);
		};
/* End PBXProject section */

/* Begin PBXResourcesBuildPhase section */
		5B8D12A21E3A116100BC5B7A /* Resources */ = {
			isa = PBXResourcesBuildPhase;
			buildActionMask = 2147483647;
			files = (
				5B8D12B21E3A116200BC5B7A /* LaunchScreen.storyboard in Resources */,
				5B8D12AF1E3A116200BC5B7A /* Assets.xcassets in Resources */,
				5B8D12AD1E3A116200BC5B7A /* Main.storyboard in Resources */,
			);
			runOnlyForDeploymentPostprocessing = 0;
		};
		5B8D12B61E3A116200BC5B7A /* Resources */ = {
			isa = PBXResourcesBuildPhase;
			buildActionMask = 2147483647;
			files = (
			);
			runOnlyForDeploymentPostprocessing = 0;
		};
		5B8D12C11E3A116200BC5B7A /* Resources */ = {
			isa = PBXResourcesBuildPhase;
			buildActionMask = 2147483647;
			files = (
			);
			runOnlyForDeploymentPostprocessing = 0;
		};
/* End PBXResourcesBuildPhase section */

/* Begin PBXSourcesBuildPhase section */
		5B8D12A01E3A116100BC5B7A /* Sources */ = {
			isa = PBXSourcesBuildPhase;
			buildActionMask = 2147483647;
			files = (
				5B8D12AA1E3A116200BC5B7A /* ViewController.swift in Sources */,
				5B8D12A81E3A116200BC5B7A /* AppDelegate.swift in Sources */,
			);
			runOnlyForDeploymentPostprocessing = 0;
		};
		5B8D12B41E3A116200BC5B7A /* Sources */ = {
			isa = PBXSourcesBuildPhase;
			buildActionMask = 2147483647;
			files = (
				5B8D12BD1E3A116200BC5B7A /* MiraclePillsTests.swift in Sources */,
			);
			runOnlyForDeploymentPostprocessing = 0;
		};
		5B8D12BF1E3A116200BC5B7A /* Sources */ = {
			isa = PBXSourcesBuildPhase;
			buildActionMask = 2147483647;
			files = (
				5B8D12C81E3A116200BC5B7A /* MiraclePillsUITests.swift in Sources */,
			);
			runOnlyForDeploymentPostprocessing = 0;
		};
/* End PBXSourcesBuildPhase section */

/* Begin PBXTargetDependency section */
		5B8D12BA1E3A116200BC5B7A /* PBXTargetDependency */ = {
			isa = PBXTargetDependency;
			target = 5B8D12A31E3A116100BC5B7A /* MiraclePills */;
			targetProxy = 5B8D12B91E3A116200BC5B7A /* PBXContainerItemProxy */;
		};
		5B8D12C51E3A116200BC5B7A /* PBXTargetDependency */ = {
			isa = PBXTargetDependency;
			target = 5B8D12A31E3A116100BC5B7A /* MiraclePills */;
			targetProxy = 5B8D12C41E3A116200BC5B7A /* PBXContainerItemProxy */;
		};
/* End PBXTargetDependency section */

/* Begin PBXVariantGroup section */
		5B8D12AB1E3A116200BC5B7A /* Main.storyboard */ = {
			isa = PBXVariantGroup;
			children = (
				5B8D12AC1E3A116200BC5B7A /* Base */,
			);
			name = Main.storyboard;
			sourceTree = "<group>";
		};
		5B8D12B01E3A116200BC5B7A /* LaunchScreen.storyboard */ = {
			isa = PBXVariantGroup;
			children = (
				5B8D12B11E3A116200BC5B7A /* Base */,
			);
			name = LaunchScreen.storyboard;
			sourceTree = "<group>";
		};
/* End PBXVariantGroup section */

/* Begin XCBuildConfiguration section */
		5B8D12CA1E3A116200BC5B7A /* Debug */ = {
			isa = XCBuildConfiguration;
			buildSettings = {
				ALWAYS_SEARCH_USER_PATHS = NO;
				CLANG_ANALYZER_NONNULL = YES;
				CLANG_CXX_LANGUAGE_STANDARD = "gnu++0x";
				CLANG_CXX_LIBRARY = "libc++";
				CLANG_ENABLE_MODULES = YES;
				CLANG_ENABLE_OBJC_ARC = YES;
				CLANG_WARN_BOOL_CONVERSION = YES;
				CLANG_WARN_CONSTANT_CONVERSION = YES;
				CLANG_WARN_DIRECT_OBJC_ISA_USAGE = YES_ERROR;
				CLANG_WARN_DOCUMENTATION_COMMENTS = YES;
				CLANG_WARN_EMPTY_BODY = YES;
				CLANG_WARN_ENUM_CONVERSION = YES;
				CLANG_WARN_INFINITE_RECURSION = YES;
				CLANG_WARN_INT_CONVERSION = YES;
				CLANG_WARN_OBJC_ROOT_CLASS = YES_ERROR;
				CLANG_WARN_SUSPICIOUS_MOVE = YES;
				CLANG_WARN_UNREACHABLE_CODE = YES;
				CLANG_WARN__DUPLICATE_METHOD_MATCH = YES;
				"CODE_SIGN_IDENTITY[sdk=iphoneos*]" = "iPhone Developer";
				COPY_PHASE_STRIP = NO;
				DEBUG_INFORMATION_FORMAT = dwarf;
				ENABLE_STRICT_OBJC_MSGSEND = YES;
				ENABLE_TESTABILITY = YES;
				GCC_C_LANGUAGE_STANDARD = gnu99;
				GCC_DYNAMIC_NO_PIC = NO;
				GCC_NO_COMMON_BLOCKS = YES;
				GCC_OPTIMIZATION_LEVEL = 0;
				GCC_PREPROCESSOR_DEFINITIONS = (
					"DEBUG=1",
					"$(inherited)",
				);
				GCC_WARN_64_TO_32_BIT_CONVERSION = YES;
				GCC_WARN_ABOUT_RETURN_TYPE = YES_ERROR;
				GCC_WARN_UNDECLARED_SELECTOR = YES;
				GCC_WARN_UNINITIALIZED_AUTOS = YES_AGGRESSIVE;
				GCC_WARN_UNUSED_FUNCTION = YES;
				GCC_WARN_UNUSED_VARIABLE = YES;
				IPHONEOS_DEPLOYMENT_TARGET = 10.2;
				MTL_ENABLE_DEBUG_INFO = YES;
				ONLY_ACTIVE_ARCH = YES;
				SDKROOT = iphoneos;
				SWIFT_ACTIVE_COMPILATION_CONDITIONS = DEBUG;
				SWIFT_OPTIMIZATION_LEVEL = "-Onone";
				TARGETED_DEVICE_FAMILY = "1,2";
			};
			name = Debug;
		};
		5B8D12CB1E3A116200BC5B7A /* Release */ = {
			isa = XCBuildConfiguration;
			buildSettings = {
				ALWAYS_SEARCH_USER_PATHS = NO;
				CLANG_ANALYZER_NONNULL = YES;
				CLANG_CXX_LANGUAGE_STANDARD = "gnu++0x";
				CLANG_CXX_LIBRARY = "libc++";
				CLANG_ENABLE_MODULES = YES;
				CLANG_ENABLE_OBJC_ARC = YES;
				CLANG_WARN_BOOL_CONVERSION = YES;
				CLANG_WARN_CONSTANT_CONVERSION = YES;
				CLANG_WARN_DIRECT_OBJC_ISA_USAGE = YES_ERROR;
				CLANG_WARN_DOCUMENTATION_COMMENTS = YES;
				CLANG_WARN_EMPTY_BODY = YES;
				CLANG_WARN_ENUM_CONVERSION = YES;
				CLANG_WARN_INFINITE_RECURSION = YES;
				CLANG_WARN_INT_CONVERSION = YES;
				CLANG_WARN_OBJC_ROOT_CLASS = YES_ERROR;
				CLANG_WARN_SUSPICIOUS_MOVE = YES;
				CLANG_WARN_UNREACHABLE_CODE = YES;
				CLANG_WARN__DUPLICATE_METHOD_MATCH = YES;
				"CODE_SIGN_IDENTITY[sdk=iphoneos*]" = "iPhone Developer";
				COPY_PHASE_STRIP = NO;
				DEBUG_INFORMATION_FORMAT = "dwarf-with-dsym";
				ENABLE_NS_ASSERTIONS = NO;
				ENABLE_STRICT_OBJC_MSGSEND = YES;
				GCC_C_LANGUAGE_STANDARD = gnu99;
				GCC_NO_COMMON_BLOCKS = YES;
				GCC_WARN_64_TO_32_BIT_CONVERSION = YES;
				GCC_WARN_ABOUT_RETURN_TYPE = YES_ERROR;
				GCC_WARN_UNDECLARED_SELECTOR = YES;
				GCC_WARN_UNINITIALIZED_AUTOS = YES_AGGRESSIVE;
				GCC_WARN_UNUSED_FUNCTION = YES;
				GCC_WARN_UNUSED_VARIABLE = YES;
				IPHONEOS_DEPLOYMENT_TARGET = 10.2;
				MTL_ENABLE_DEBUG_INFO = NO;
				SDKROOT = iphoneos;
				SWIFT_OPTIMIZATION_LEVEL = "-Owholemodule";
				TARGETED_DEVICE_FAMILY = "1,2";
				VALIDATE_PRODUCT = YES;
			};
			name = Release;
		};
		5B8D12CD1E3A116200BC5B7A /* Debug */ = {
			isa = XCBuildConfiguration;
			buildSettings = {
				ASSETCATALOG_COMPILER_APPICON_NAME = AppIcon;
				DEVELOPMENT_TEAM = LJ58D2944P;
				INFOPLIST_FILE = MiraclePills/Info.plist;
				LD_RUNPATH_SEARCH_PATHS = "$(inherited) @executable_path/Frameworks";
				PRODUCT_BUNDLE_IDENTIFIER = com.utkarsh.MiraclePills;
				PRODUCT_NAME = "$(TARGET_NAME)";
				SWIFT_VERSION = 3.0;
			};
			name = Debug;
		};
		5B8D12CE1E3A116200BC5B7A /* Release */ = {
			isa = XCBuildConfiguration;
			buildSettings = {
				ASSETCATALOG_COMPILER_APPICON_NAME = AppIcon;
				DEVELOPMENT_TEAM = LJ58D2944P;
				INFOPLIST_FILE = MiraclePills/Info.plist;
				LD_RUNPATH_SEARCH_PATHS = "$(inherited) @executable_path/Frameworks";
				PRODUCT_BUNDLE_IDENTIFIER = com.utkarsh.MiraclePills;
				PRODUCT_NAME = "$(TARGET_NAME)";
				SWIFT_VERSION = 3.0;
			};
			name = Release;
		};
		5B8D12D01E3A116200BC5B7A /* Debug */ = {
			isa = XCBuildConfiguration;
			buildSettings = {
				ALWAYS_EMBED_SWIFT_STANDARD_LIBRARIES = YES;
				BUNDLE_LOADER = "$(TEST_HOST)";
				DEVELOPMENT_TEAM = LJ58D2944P;
				INFOPLIST_FILE = MiraclePillsTests/Info.plist;
				LD_RUNPATH_SEARCH_PATHS = "$(inherited) @executable_path/Frameworks @loader_path/Frameworks";
				PRODUCT_BUNDLE_IDENTIFIER = com.utkarsh.MiraclePillsTests;
				PRODUCT_NAME = "$(TARGET_NAME)";
				SWIFT_VERSION = 3.0;
				TEST_HOST = "$(BUILT_PRODUCTS_DIR)/MiraclePills.app/MiraclePills";
			};
			name = Debug;
		};
		5B8D12D11E3A116200BC5B7A /* Release */ = {
			isa = XCBuildConfiguration;
			buildSettings = {
				ALWAYS_EMBED_SWIFT_STANDARD_LIBRARIES = YES;
				BUNDLE_LOADER = "$(TEST_HOST)";
				DEVELOPMENT_TEAM = LJ58D2944P;
				INFOPLIST_FILE = MiraclePillsTests/Info.plist;
				LD_RUNPATH_SEARCH_PATHS = "$(inherited) @executable_path/Frameworks @loader_path/Frameworks";
				PRODUCT_BUNDLE_IDENTIFIER = com.utkarsh.MiraclePillsTests;
				PRODUCT_NAME = "$(TARGET_NAME)";
				SWIFT_VERSION = 3.0;
				TEST_HOST = "$(BUILT_PRODUCTS_DIR)/MiraclePills.app/MiraclePills";
			};
			name = Release;
		};
		5B8D12D31E3A116200BC5B7A /* Debug */ = {
			isa = XCBuildConfiguration;
			buildSettings = {
				ALWAYS_EMBED_SWIFT_STANDARD_LIBRARIES = YES;
				DEVELOPMENT_TEAM = LJ58D2944P;
				INFOPLIST_FILE = MiraclePillsUITests/Info.plist;
				LD_RUNPATH_SEARCH_PATHS = "$(inherited) @executable_path/Frameworks @loader_path/Frameworks";
				PRODUCT_BUNDLE_IDENTIFIER = com.utkarsh.MiraclePillsUITests;
				PRODUCT_NAME = "$(TARGET_NAME)";
				SWIFT_VERSION = 3.0;
				TEST_TARGET_NAME = MiraclePills;
			};
			name = Debug;
		};
		5B8D12D41E3A116200BC5B7A /* Release */ = {
			isa = XCBuildConfiguration;
			buildSettings = {
				ALWAYS_EMBED_SWIFT_STANDARD_LIBRARIES = YES;
				DEVELOPMENT_TEAM = LJ58D2944P;
				INFOPLIST_FILE = MiraclePillsUITests/Info.plist;
				LD_RUNPATH_SEARCH_PATHS = "$(inherited) @executable_path/Frameworks @loader_path/Frameworks";
				PRODUCT_BUNDLE_IDENTIFIER = com.utkarsh.MiraclePillsUITests;
				PRODUCT_NAME = "$(TARGET_NAME)";
				SWIFT_VERSION = 3.0;
				TEST_TARGET_NAME = MiraclePills;
			};
			name = Release;
		};
/* End XCBuildConfiguration section */

/* Begin XCConfigurationList section */
		5B8D129F1E3A116100BC5B7A /* Build configuration list for PBXProject "MiraclePills" */ = {
			isa = XCConfigurationList;
			buildConfigurations = (
				5B8D12CA1E3A116200BC5B7A /* Debug */,
				5B8D12CB1E3A116200BC5B7A /* Release */,
			);
			defaultConfigurationIsVisible = 0;
			defaultConfigurationName = Release;
		};
		5B8D12CC1E3A116200BC5B7A /* Build configuration list for PBXNativeTarget "MiraclePills" */ = {
			isa = XCConfigurationList;
			buildConfigurations = (
				5B8D12CD1E3A116200BC5B7A /* Debug */,
				5B8D12CE1E3A116200BC5B7A /* Release */,
			);
			defaultConfigurationIsVisible = 0;
		};
		5B8D12CF1E3A116200BC5B7A /* Build configuration list for PBXNativeTarget "MiraclePillsTests" */ = {
			isa = XCConfigurationList;
			buildConfigurations = (
				5B8D12D01E3A116200BC5B7A /* Debug */,
				5B8D12D11E3A116200BC5B7A /* Release */,
			);
			defaultConfigurationIsVisible = 0;
		};
		5B8D12D21E3A116200BC5B7A /* Build configuration list for PBXNativeTarget "MiraclePillsUITests" */ = {
			isa = XCConfigurationList;
			buildConfigurations = (
				5B8D12D31E3A116200BC5B7A /* Debug */,
				5B8D12D41E3A116200BC5B7A /* Release */,
			);
			defaultConfigurationIsVisible = 0;
		};
/* End XCConfigurationList section */
	};
	rootObject = 5B8D129C1E3A116100BC5B7A /* Project object */;
}
